
Microsoft Visual Studio Solution File, Format Version 12.00
# Visual Studio Version 17
VisualStudioVersion = 17.11.35222.181
MinimumVisualStudioVersion = 10.0.40219.1
Project("{FAE04EC0-301F-11D3-BF4B-00C04F79EFBC}") = "SEE_example", "SEE_example.csproj", "{9A7E909F-ADBD-4BEE-BDBE-7B59E693DC4C}"
EndProject
Global
	GlobalSection(SolutionConfigurationPlatforms) = preSolution
		Debug|Any CPU = Debug|Any CPU
		Release|Any CPU = Release|Any CPU
	EndGlobalSection
	GlobalSection(ProjectConfigurationPlatforms) = postSolution
		{9A7E909F-ADBD-4BEE-BDBE-7B59E693DC4C}.Debug|Any CPU.ActiveCfg = Debug|Any CPU
		{9A7E909F-ADBD-4BEE-BDBE-7B59E693DC4C}.Debug|Any CPU.Build.0 = Debug|Any CPU
		{9A7E909F-ADBD-4BEE-BDBE-7B59E693DC4C}.Release|Any CPU.ActiveCfg = Release|Any CPU
		{9A7E909F-ADBD-4BEE-BDBE-7B59E693DC4C}.Release|Any CPU.Build.0 = Release|Any CPU
	EndGlobalSection
	GlobalSection(SolutionProperties) = preSolution
		HideSolutionNode = FALSE
	EndGlobalSection
	GlobalSection(ExtensibilityGlobals) = postSolution
		SolutionGuid = {E8F965D0-B7ED-4FF7-9D12-E66AC7FA44D3}
	EndGlobalSection
EndGlobal
